// !$*UTF8*$!
{
	archiveVersion = 1;
	classes = {
	};
	objectVersion = 45;
	objects = {

/* Begin PBXBuildFile section */
		1D3623260D0F684500981E51 /* AlphaWolfSquadAppDelegate.m in Sources */ = {isa = PBXBuildFile; fileRef = 1D3623250D0F684500981E51 /* AlphaWolfSquadAppDelegate.m */; };
		1D60589B0D05DD56006BFB54 /* main.m in Sources */ = {isa = PBXBuildFile; fileRef = 29B97316FDCFA39411CA2CEA /* main.m */; };
		1D60589F0D05DD5A006BFB54 /* Foundation.framework in Frameworks */ = {isa = PBXBuildFile; fileRef = 1D30AB110D05D00D00671497 /* Foundation.framework */; };
		1DF5F4E00D08C38300B7A737 /* UIKit.framework in Frameworks */ = {isa = PBXBuildFile; fileRef = 1DF5F4DF0D08C38300B7A737 /* UIKit.framework */; };
		288765A50DF7441C002DB57D /* CoreGraphics.framework in Frameworks */ = {isa = PBXBuildFile; fileRef = 288765A40DF7441C002DB57D /* CoreGraphics.framework */; };
		2899E5220DE3E06400AC0155 /* AlphaWolfSquadViewController.xib in Resources */ = {isa = PBXBuildFile; fileRef = 2899E5210DE3E06400AC0155 /* AlphaWolfSquadViewController.xib */; };
		28AD733F0D9D9553002E5188 /* MainWindow.xib in Resources */ = {isa = PBXBuildFile; fileRef = 28AD733E0D9D9553002E5188 /* MainWindow.xib */; };
		28D7ACF80DDB3853001CB0EB /* AlphaWolfSquadViewController.m in Sources */ = {isa = PBXBuildFile; fileRef = 28D7ACF70DDB3853001CB0EB /* AlphaWolfSquadViewController.m */; };
		4D6C9DB910FE92FF006D94FD /* SlapView.m in Sources */ = {isa = PBXBuildFile; fileRef = 4D6C9DB810FE92FF006D94FD /* SlapView.m */; };
		4D7A954911649BA1008F1BB1 /* 128_white.png in Resources */ = {isa = PBXBuildFile; fileRef = 4D7A94B411649BA1008F1BB1 /* 128_white.png */; };
		4D7A954A11649BA1008F1BB1 /* 3dar.plist in Resources */ = {isa = PBXBuildFile; fileRef = 4D7A94B511649BA1008F1BB1 /* 3dar.plist */; };
		4D7A954B11649BA1008F1BB1 /* 64_white.png in Resources */ = {isa = PBXBuildFile; fileRef = 4D7A94B611649BA1008F1BB1 /* 64_white.png */; };
		4D7A954C11649BA1008F1BB1 /* 84_white.png in Resources */ = {isa = PBXBuildFile; fileRef = 4D7A94B711649BA1008F1BB1 /* 84_white.png */; };
		4D7A954D11649BA1008F1BB1 /* 3dar_logo.png in Resources */ = {isa = PBXBuildFile; fileRef = 4D7A94B911649BA1008F1BB1 /* 3dar_logo.png */; };
		4D7A954E11649BA1008F1BB1 /* 3dar_marker_icon1.png in Resources */ = {isa = PBXBuildFile; fileRef = 4D7A94BA11649BA1008F1BB1 /* 3dar_marker_icon1.png */; };
		4D7A954F11649BA1008F1BB1 /* 3dar_marker_icon2.png in Resources */ = {isa = PBXBuildFile; fileRef = 4D7A94BB11649BA1008F1BB1 /* 3dar_marker_icon2.png */; };
		4D7A955011649BA1008F1BB1 /* 3dar_marker_icon3.png in Resources */ = {isa = PBXBuildFile; fileRef = 4D7A94BC11649BA1008F1BB1 /* 3dar_marker_icon3.png */; };
		4D7A955111649BA1008F1BB1 /* 3dar_marker_icon4.png in Resources */ = {isa = PBXBuildFile; fileRef = 4D7A94BD11649BA1008F1BB1 /* 3dar_marker_icon4.png */; };
		4D7A955211649BA1008F1BB1 /* 3dar_marker_icon5.png in Resources */ = {isa = PBXBuildFile; fileRef = 4D7A94BE11649BA1008F1BB1 /* 3dar_marker_icon5.png */; };
		4D7A955311649BA1008F1BB1 /* 3dar_marker_icon6.png in Resources */ = {isa = PBXBuildFile; fileRef = 4D7A94BF11649BA1008F1BB1 /* 3dar_marker_icon6.png */; };
		4D7A955411649BA1008F1BB1 /* bubble1.png in Resources */ = {isa = PBXBuildFile; fileRef = 4D7A94C011649BA1008F1BB1 /* bubble1.png */; };
		4D7A958711649BA1008F1BB1 /* SM3DAR_keys.txt in Resources */ = {isa = PBXBuildFile; fileRef = 4D7A954711649BA1008F1BB1 /* SM3DAR_keys.txt */; };
		4D7A959611649C14008F1BB1 /* CoreLocation.framework in Frameworks */ = {isa = PBXBuildFile; fileRef = 4D7A959511649C14008F1BB1 /* CoreLocation.framework */; };
		4D7A959811649C14008F1BB1 /* MapKit.framework in Frameworks */ = {isa = PBXBuildFile; fileRef = 4D7A959711649C14008F1BB1 /* MapKit.framework */; };
		4D7A959A11649C14008F1BB1 /* OpenGLES.framework in Frameworks */ = {isa = PBXBuildFile; fileRef = 4D7A959911649C14008F1BB1 /* OpenGLES.framework */; };
		4D7A96071164A777008F1BB1 /* screen2_hand.png in Resources */ = {isa = PBXBuildFile; fileRef = 4D7A96061164A777008F1BB1 /* screen2_hand.png */; };
		4D7C233E1162DC4000F1C8D1 /* back-btn.png in Resources */ = {isa = PBXBuildFile; fileRef = 4D7C22ED1162DC4000F1C8D1 /* back-btn.png */; };
		4D7C233F1162DC4000F1C8D1 /* background.png in Resources */ = {isa = PBXBuildFile; fileRef = 4D7C22EE1162DC4000F1C8D1 /* background.png */; };
		4D7C23401162DC4000F1C8D1 /* bust-btn.png in Resources */ = {isa = PBXBuildFile; fileRef = 4D7C22EF1162DC4000F1C8D1 /* bust-btn.png */; };
		4D7C23411162DC4000F1C8D1 /* dialog.png in Resources */ = {isa = PBXBuildFile; fileRef = 4D7C22F01162DC4000F1C8D1 /* dialog.png */; };
		4D7C23421162DC4000F1C8D1 /* HighFiveScreens_v2_07.png in Resources */ = {isa = PBXBuildFile; fileRef = 4D7C22F11162DC4000F1C8D1 /* HighFiveScreens_v2_07.png */; };
		4D7C23431162DC4000F1C8D1 /* try-again-btn.png in Resources */ = {isa = PBXBuildFile; fileRef = 4D7C22F21162DC4000F1C8D1 /* try-again-btn.png */; };
		4D7C23441162DC4000F1C8D1 /* ConfirmationScreen-ref.png in Resources */ = {isa = PBXBuildFile; fileRef = 4D7C22F41162DC4000F1C8D1 /* ConfirmationScreen-ref.png */; };
		4D7C23451162DC4000F1C8D1 /* ConfirmPanelSubHead.png in Resources */ = {isa = PBXBuildFile; fileRef = 4D7C22F51162DC4000F1C8D1 /* ConfirmPanelSubHead.png */; };
		4D7C23461162DC4000F1C8D1 /* congrats-ttl.png in Resources */ = {isa = PBXBuildFile; fileRef = 4D7C22F71162DC4000F1C8D1 /* congrats-ttl.png */; };
		4D7C23471162DC4000F1C8D1 /* CongratsScreen-ref.png in Resources */ = {isa = PBXBuildFile; fileRef = 4D7C22F81162DC4000F1C8D1 /* CongratsScreen-ref.png */; };
		4D7C23481162DC4000F1C8D1 /* send-btn.png in Resources */ = {isa = PBXBuildFile; fileRef = 4D7C22F91162DC4000F1C8D1 /* send-btn.png */; };
		4D7C23491162DC4000F1C8D1 /* AA-HandFrame01.png in Resources */ = {isa = PBXBuildFile; fileRef = 4D7C22FB1162DC4000F1C8D1 /* AA-HandFrame01.png */; };
		4D7C234A1162DC4000F1C8D1 /* AA-HandFrame02.png in Resources */ = {isa = PBXBuildFile; fileRef = 4D7C22FC1162DC4000F1C8D1 /* AA-HandFrame02.png */; };
		4D7C234B1162DC4000F1C8D1 /* AA-HandFrame03.png in Resources */ = {isa = PBXBuildFile; fileRef = 4D7C22FD1162DC4000F1C8D1 /* AA-HandFrame03.png */; };
		4D7C234C1162DC4000F1C8D1 /* AF-HandFrame01.png in Resources */ = {isa = PBXBuildFile; fileRef = 4D7C22FE1162DC4000F1C8D1 /* AF-HandFrame01.png */; };
		4D7C234D1162DC4000F1C8D1 /* AF-HandFrame02.png in Resources */ = {isa = PBXBuildFile; fileRef = 4D7C22FF1162DC4000F1C8D1 /* AF-HandFrame02.png */; };
		4D7C234E1162DC4000F1C8D1 /* AF-HandFrame03.png in Resources */ = {isa = PBXBuildFile; fileRef = 4D7C23001162DC4000F1C8D1 /* AF-HandFrame03.png */; };
		4D7C234F1162DC4000F1C8D1 /* BG-HandFrame01.png in Resources */ = {isa = PBXBuildFile; fileRef = 4D7C23011162DC4000F1C8D1 /* BG-HandFrame01.png */; };
		4D7C23501162DC4000F1C8D1 /* BG-HandFrame02.png in Resources */ = {isa = PBXBuildFile; fileRef = 4D7C23021162DC4000F1C8D1 /* BG-HandFrame02.png */; };
		4D7C23511162DC4000F1C8D1 /* BP-HandFrame01.png in Resources */ = {isa = PBXBuildFile; fileRef = 4D7C23031162DC4000F1C8D1 /* BP-HandFrame01.png */; };
		4D7C23521162DC4000F1C8D1 /* BP-HandFrame02.png in Resources */ = {isa = PBXBuildFile; fileRef = 4D7C23041162DC4000F1C8D1 /* BP-HandFrame02.png */; };
		4D7C23531162DC4000F1C8D1 /* IM-HandFrame01.png in Resources */ = {isa = PBXBuildFile; fileRef = 4D7C23051162DC4000F1C8D1 /* IM-HandFrame01.png */; };
		4D7C23541162DC4000F1C8D1 /* IM-HandFrame02.png in Resources */ = {isa = PBXBuildFile; fileRef = 4D7C23061162DC4000F1C8D1 /* IM-HandFrame02.png */; };
		4D7C23551162DC4000F1C8D1 /* IM-HandFrame03.png in Resources */ = {isa = PBXBuildFile; fileRef = 4D7C23071162DC4000F1C8D1 /* IM-HandFrame03.png */; };
		4D7C23561162DC4000F1C8D1 /* RO-HandFrame01.png in Resources */ = {isa = PBXBuildFile; fileRef = 4D7C23081162DC4000F1C8D1 /* RO-HandFrame01.png */; };
		4D7C23571162DC4000F1C8D1 /* RO-HandFrame02.png in Resources */ = {isa = PBXBuildFile; fileRef = 4D7C23091162DC4000F1C8D1 /* RO-HandFrame02.png */; };
		4D7C23581162DC4000F1C8D1 /* SG-HandFrame01.png in Resources */ = {isa = PBXBuildFile; fileRef = 4D7C230A1162DC4000F1C8D1 /* SG-HandFrame01.png */; };
		4D7C23591162DC4000F1C8D1 /* SG-HandFrame02.png in Resources */ = {isa = PBXBuildFile; fileRef = 4D7C230B1162DC4000F1C8D1 /* SG-HandFrame02.png */; };
		4D7C235A1162DC4000F1C8D1 /* WF-HandFrame01.png in Resources */ = {isa = PBXBuildFile; fileRef = 4D7C230C1162DC4000F1C8D1 /* WF-HandFrame01.png */; };
		4D7C235B1162DC4000F1C8D1 /* WF-HandFrame02.png in Resources */ = {isa = PBXBuildFile; fileRef = 4D7C230D1162DC4000F1C8D1 /* WF-HandFrame02.png */; };
		4D7C235C1162DC4000F1C8D1 /* WF-HandFrame03.png in Resources */ = {isa = PBXBuildFile; fileRef = 4D7C230E1162DC4000F1C8D1 /* WF-HandFrame03.png */; };
		4D7C235D1162DC4000F1C8D1 /* WM-HandFrame01.png in Resources */ = {isa = PBXBuildFile; fileRef = 4D7C230F1162DC4000F1C8D1 /* WM-HandFrame01.png */; };
		4D7C235E1162DC4000F1C8D1 /* WM-HandFrame02.png in Resources */ = {isa = PBXBuildFile; fileRef = 4D7C23101162DC4000F1C8D1 /* WM-HandFrame02.png */; };
		4D7C235F1162DC4000F1C8D1 /* WM-HandFrame03.png in Resources */ = {isa = PBXBuildFile; fileRef = 4D7C23111162DC4000F1C8D1 /* WM-HandFrame03.png */; };
		4D7C23601162DC4000F1C8D1 /* help-btn.png in Resources */ = {isa = PBXBuildFile; fileRef = 4D7C23131162DC4000F1C8D1 /* help-btn.png */; };
		4D7C23611162DC4000F1C8D1 /* help_title.png in Resources */ = {isa = PBXBuildFile; fileRef = 4D7C23141162DC4000F1C8D1 /* help_title.png */; };
		4D7C23621162DC4000F1C8D1 /* HelpContent.png in Resources */ = {isa = PBXBuildFile; fileRef = 4D7C23151162DC4000F1C8D1 /* HelpContent.png */; };
		4D7C23631162DC4000F1C8D1 /* begin-btn.png in Resources */ = {isa = PBXBuildFile; fileRef = 4D7C23171162DC4000F1C8D1 /* begin-btn.png */; };
		4D7C23641162DC4000F1C8D1 /* begin.png in Resources */ = {isa = PBXBuildFile; fileRef = 4D7C23181162DC4000F1C8D1 /* begin.png */; };
		4D7C23651162DC4000F1C8D1 /* beginOver.png in Resources */ = {isa = PBXBuildFile; fileRef = 4D7C23191162DC4000F1C8D1 /* beginOver.png */; };
		4D7C23661162DC4000F1C8D1 /* have-some-5-ttl.png in Resources */ = {isa = PBXBuildFile; fileRef = 4D7C231A1162DC4000F1C8D1 /* have-some-5-ttl.png */; };
		4D7C23671162DC4000F1C8D1 /* scott-mike.png in Resources */ = {isa = PBXBuildFile; fileRef = 4D7C231B1162DC4000F1C8D1 /* scott-mike.png */; };
		4D7C23681162DC4000F1C8D1 /* screen1_mike.png in Resources */ = {isa = PBXBuildFile; fileRef = 4D7C231C1162DC4000F1C8D1 /* screen1_mike.png */; };
		4D7C23691162DC4000F1C8D1 /* screen1_mike_arm.png in Resources */ = {isa = PBXBuildFile; fileRef = 4D7C231D1162DC4000F1C8D1 /* screen1_mike_arm.png */; };
		4D7C236A1162DC4000F1C8D1 /* screen1_scott.png in Resources */ = {isa = PBXBuildFile; fileRef = 4D7C231E1162DC4000F1C8D1 /* screen1_scott.png */; };
		4D7C236B1162DC4000F1C8D1 /* screen1_scott_arm.png in Resources */ = {isa = PBXBuildFile; fileRef = 4D7C231F1162DC4000F1C8D1 /* screen1_scott_arm.png */; };
		4D7C236C1162DC4000F1C8D1 /* screen1_star_l.png in Resources */ = {isa = PBXBuildFile; fileRef = 4D7C23201162DC4000F1C8D1 /* screen1_star_l.png */; };
		4D7C236D1162DC4000F1C8D1 /* screen1_star_r.png in Resources */ = {isa = PBXBuildFile; fileRef = 4D7C23211162DC4000F1C8D1 /* screen1_star_r.png */; };
		4D7C236E1162DC4000F1C8D1 /* screen1_title.png in Resources */ = {isa = PBXBuildFile; fileRef = 4D7C23221162DC4000F1C8D1 /* screen1_title.png */; };
		4D7C236F1162DC4000F1C8D1 /* burst.png in Resources */ = {isa = PBXBuildFile; fileRef = 4D7C23241162DC4000F1C8D1 /* burst.png */; };
		4D7C23701162DC4000F1C8D1 /* star-blank.png in Resources */ = {isa = PBXBuildFile; fileRef = 4D7C23251162DC4000F1C8D1 /* star-blank.png */; };
		4D7C23711162DC4000F1C8D1 /* fyi-ttl.png in Resources */ = {isa = PBXBuildFile; fileRef = 4D7C23261162DC4000F1C8D1 /* fyi-ttl.png */; };
		4D7C23721162DC4000F1C8D1 /* hand.png in Resources */ = {isa = PBXBuildFile; fileRef = 4D7C23271162DC4000F1C8D1 /* hand.png */; };
		4D7C23731162DC4000F1C8D1 /* people.png in Resources */ = {isa = PBXBuildFile; fileRef = 4D7C23281162DC4000F1C8D1 /* people.png */; };
		4D7C23741162DC4000F1C8D1 /* personal-stats-btn.png in Resources */ = {isa = PBXBuildFile; fileRef = 4D7C23291162DC4000F1C8D1 /* personal-stats-btn.png */; };
		4D7C23751162DC4000F1C8D1 /* screen2_bkg.png in Resources */ = {isa = PBXBuildFile; fileRef = 4D7C232A1162DC4000F1C8D1 /* screen2_bkg.png */; };
		4D7C23761162DC4000F1C8D1 /* screen2_footer.png in Resources */ = {isa = PBXBuildFile; fileRef = 4D7C232B1162DC4000F1C8D1 /* screen2_footer.png */; };
		4D7C23771162DC4000F1C8D1 /* screen2_header.png in Resources */ = {isa = PBXBuildFile; fileRef = 4D7C232C1162DC4000F1C8D1 /* screen2_header.png */; };
		4D7C23781162DC4000F1C8D1 /* screen2_help.png in Resources */ = {isa = PBXBuildFile; fileRef = 4D7C232D1162DC4000F1C8D1 /* screen2_help.png */; };
		4D7C23791162DC4000F1C8D1 /* screen2_helpOver.png in Resources */ = {isa = PBXBuildFile; fileRef = 4D7C232E1162DC4000F1C8D1 /* screen2_helpOver.png */; };
		4D7C237A1162DC4000F1C8D1 /* screen2_settings.png in Resources */ = {isa = PBXBuildFile; fileRef = 4D7C232F1162DC4000F1C8D1 /* screen2_settings.png */; };
		4D7C237B1162DC4000F1C8D1 /* screen2_settingsOver.png in Resources */ = {isa = PBXBuildFile; fileRef = 4D7C23301162DC4000F1C8D1 /* screen2_settingsOver.png */; };
		4D7C237C1162DC4000F1C8D1 /* stars-left-lrg.png in Resources */ = {isa = PBXBuildFile; fileRef = 4D7C23311162DC4000F1C8D1 /* stars-left-lrg.png */; };
		4D7C237D1162DC4000F1C8D1 /* stars-left.png in Resources */ = {isa = PBXBuildFile; fileRef = 4D7C23321162DC4000F1C8D1 /* stars-left.png */; };
		4D7C237E1162DC4000F1C8D1 /* stars-right-lrg.png in Resources */ = {isa = PBXBuildFile; fileRef = 4D7C23331162DC4000F1C8D1 /* stars-right-lrg.png */; };
		4D7C237F1162DC4000F1C8D1 /* stars-right.png in Resources */ = {isa = PBXBuildFile; fileRef = 4D7C23341162DC4000F1C8D1 /* stars-right.png */; };
		4D7C23801162DC4000F1C8D1 /* choose-hand-btn.png in Resources */ = {isa = PBXBuildFile; fileRef = 4D7C23361162DC4000F1C8D1 /* choose-hand-btn.png */; };
		4D7C23811162DC4000F1C8D1 /* settings-btn.png in Resources */ = {isa = PBXBuildFile; fileRef = 4D7C23371162DC4000F1C8D1 /* settings-btn.png */; };
		4D7C23821162DC4000F1C8D1 /* settings_title.png in Resources */ = {isa = PBXBuildFile; fileRef = 4D7C23381162DC4000F1C8D1 /* settings_title.png */; };
		4D7C23831162DC4000F1C8D1 /* SettingsLandingScreen-ref.png in Resources */ = {isa = PBXBuildFile; fileRef = 4D7C23391162DC4000F1C8D1 /* SettingsLandingScreen-ref.png */; };
		4D7C23841162DC4000F1C8D1 /* SettingsPanelHead.png in Resources */ = {isa = PBXBuildFile; fileRef = 4D7C233A1162DC4000F1C8D1 /* SettingsPanelHead.png */; };
		4D7C23851162DC4000F1C8D1 /* have-some-btn.png in Resources */ = {isa = PBXBuildFile; fileRef = 4D7C233C1162DC4000F1C8D1 /* have-some-btn.png */; };
		4D7C238A1162DCA500F1C8D1 /* WelcomeController.m in Sources */ = {isa = PBXBuildFile; fileRef = 4D7C23881162DCA500F1C8D1 /* WelcomeController.m */; };
		4D7C238B1162DCA500F1C8D1 /* WelcomeController.xib in Resources */ = {isa = PBXBuildFile; fileRef = 4D7C23891162DCA500F1C8D1 /* WelcomeController.xib */; };
		4D7C238E1162DD6700F1C8D1 /* do-it-already.png in Resources */ = {isa = PBXBuildFile; fileRef = 4D7C238D1162DD6700F1C8D1 /* do-it-already.png */; };
		4D7C239A1162DE0A00F1C8D1 /* have-some-high-5s.png in Resources */ = {isa = PBXBuildFile; fileRef = 4D7C23991162DE0A00F1C8D1 /* have-some-high-5s.png */; };
		4D7C239C1162DEA600F1C8D1 /* welcome-body.png in Resources */ = {isa = PBXBuildFile; fileRef = 4D7C239B1162DEA600F1C8D1 /* welcome-body.png */; };
		4D7C23E31162F7DC00F1C8D1 /* OverlayController.m in Sources */ = {isa = PBXBuildFile; fileRef = 4D7C23E21162F7DC00F1C8D1 /* OverlayController.m */; };
		4D7C2523116335D600F1C8D1 /* ConfirmationController.m in Sources */ = {isa = PBXBuildFile; fileRef = 4D7C2521116335D600F1C8D1 /* ConfirmationController.m */; };
		4D7C2524116335D600F1C8D1 /* ConfirmationController.xib in Resources */ = {isa = PBXBuildFile; fileRef = 4D7C2522116335D600F1C8D1 /* ConfirmationController.xib */; };
		4D7C25281163379A00F1C8D1 /* confirmation-title.png in Resources */ = {isa = PBXBuildFile; fileRef = 4D7C25271163379A00F1C8D1 /* confirmation-title.png */; };
		4D7C25681163B39600F1C8D1 /* CountdownController.m in Sources */ = {isa = PBXBuildFile; fileRef = 4D7C25671163B39600F1C8D1 /* CountdownController.m */; };
		4D7C25701163B5EE00F1C8D1 /* countdown-stars.png in Resources */ = {isa = PBXBuildFile; fileRef = 4D7C256B1163B5EE00F1C8D1 /* countdown-stars.png */; };
		4D7C25711163B5EE00F1C8D1 /* countdown-1.png in Resources */ = {isa = PBXBuildFile; fileRef = 4D7C256C1163B5EE00F1C8D1 /* countdown-1.png */; };
		4D7C25721163B5EE00F1C8D1 /* countdown-2.png in Resources */ = {isa = PBXBuildFile; fileRef = 4D7C256D1163B5EE00F1C8D1 /* countdown-2.png */; };
		4D7C25731163B5EE00F1C8D1 /* countdown-3.png in Resources */ = {isa = PBXBuildFile; fileRef = 4D7C256E1163B5EE00F1C8D1 /* countdown-3.png */; };
		4D7C25741163B5EE00F1C8D1 /* countdown-0.png in Resources */ = {isa = PBXBuildFile; fileRef = 4D7C256F1163B5EE00F1C8D1 /* countdown-0.png */; };
		4D90181911125E91009A47FA /* clap.wav in Resources */ = {isa = PBXBuildFile; fileRef = 4D90180511125E91009A47FA /* clap.wav */; };
		4D90183911126138009A47FA /* Settings.xib in Resources */ = {isa = PBXBuildFile; fileRef = 4D90183811126138009A47FA /* Settings.xib */; };
		4D90187111126298009A47FA /* SettingsController.m in Sources */ = {isa = PBXBuildFile; fileRef = 4D90187011126298009A47FA /* SettingsController.m */; };
		4D902C5B1124AC9D00E36DE4 /* MessageUI.framework in Frameworks */ = {isa = PBXBuildFile; fileRef = 4D902C5A1124AC9D00E36DE4 /* MessageUI.framework */; };
		4D902CE01124B8D800E36DE4 /* Entitlements.plist in Resources */ = {isa = PBXBuildFile; fileRef = 4D902CDF1124B8D800E36DE4 /* Entitlements.plist */; };
		4DC9EFE91123C79300F97B5A /* HelpController.m in Sources */ = {isa = PBXBuildFile; fileRef = 4DC9EFE71123C79300F97B5A /* HelpController.m */; };
		4DC9EFEA1123C79300F97B5A /* HelpController.xib in Resources */ = {isa = PBXBuildFile; fileRef = 4DC9EFE81123C79300F97B5A /* HelpController.xib */; };
		4DCBF23F112B17D6007DA71F /* iTunesArtwork in Resources */ = {isa = PBXBuildFile; fileRef = 4DCBF23C112B17D6007DA71F /* iTunesArtwork */; };
		4DCBF240112B17D6007DA71F /* Default.png in Resources */ = {isa = PBXBuildFile; fileRef = 4DCBF23D112B17D6007DA71F /* Default.png */; };
		4DCBF241112B17D6007DA71F /* Icon.png in Resources */ = {isa = PBXBuildFile; fileRef = 4DCBF23E112B17D6007DA71F /* Icon.png */; };
		4DDCA9AB116AA60200ACA2B1 /* DeviceMovementArc.m in Sources */ = {isa = PBXBuildFile; fileRef = 4DDCA9AA116AA60200ACA2B1 /* DeviceMovementArc.m */; };
		4DDCA9B4116AAF6D00ACA2B1 /* DeviceMovement.m in Sources */ = {isa = PBXBuildFile; fileRef = 4DDCA9B3116AAF6D00ACA2B1 /* DeviceMovement.m */; };
		4DDCAADF116BD74D00ACA2B1 /* SM3DARLibrary.a in Frameworks */ = {isa = PBXBuildFile; fileRef = 4DDCAADE116BD74D00ACA2B1 /* SM3DARLibrary.a */; };
		C86D2BEA103DCD9D00EE8AF7 /* AlphaWolfView.m in Sources */ = {isa = PBXBuildFile; fileRef = C86D2BE9103DCD9D00EE8AF7 /* AlphaWolfView.m */; };
		C86D2C2E103DCE1F00EE8AF7 /* QuartzCore.framework in Frameworks */ = {isa = PBXBuildFile; fileRef = C86D2C2D103DCE1F00EE8AF7 /* QuartzCore.framework */; };
		C8A21DA1104DD13A00FC9464 /* AudioToolbox.framework in Frameworks */ = {isa = PBXBuildFile; fileRef = C8A21DA0104DD13A00FC9464 /* AudioToolbox.framework */; };
/* End PBXBuildFile section */

/* Begin PBXFileReference section */
		1D30AB110D05D00D00671497 /* Foundation.framework */ = {isa = PBXFileReference; lastKnownFileType = wrapper.framework; name = Foundation.framework; path = System/Library/Frameworks/Foundation.framework; sourceTree = SDKROOT; };
		1D3623240D0F684500981E51 /* AlphaWolfSquadAppDelegate.h */ = {isa = PBXFileReference; fileEncoding = 4; lastKnownFileType = sourcecode.c.h; path = AlphaWolfSquadAppDelegate.h; sourceTree = "<group>"; };
		1D3623250D0F684500981E51 /* AlphaWolfSquadAppDelegate.m */ = {isa = PBXFileReference; fileEncoding = 4; lastKnownFileType = sourcecode.c.objc; path = AlphaWolfSquadAppDelegate.m; sourceTree = "<group>"; };
		1D6058910D05DD3D006BFB54 /* High 5s.app */ = {isa = PBXFileReference; explicitFileType = wrapper.application; includeInIndex = 0; path = "High 5s.app"; sourceTree = BUILT_PRODUCTS_DIR; };
		1DF5F4DF0D08C38300B7A737 /* UIKit.framework */ = {isa = PBXFileReference; lastKnownFileType = wrapper.framework; name = UIKit.framework; path = System/Library/Frameworks/UIKit.framework; sourceTree = SDKROOT; };
		288765A40DF7441C002DB57D /* CoreGraphics.framework */ = {isa = PBXFileReference; lastKnownFileType = wrapper.framework; name = CoreGraphics.framework; path = System/Library/Frameworks/CoreGraphics.framework; sourceTree = SDKROOT; };
		2899E5210DE3E06400AC0155 /* AlphaWolfSquadViewController.xib */ = {isa = PBXFileReference; lastKnownFileType = file.xib; path = AlphaWolfSquadViewController.xib; sourceTree = "<group>"; };
		28AD733E0D9D9553002E5188 /* MainWindow.xib */ = {isa = PBXFileReference; lastKnownFileType = file.xib; path = MainWindow.xib; sourceTree = "<group>"; };
		28D7ACF60DDB3853001CB0EB /* AlphaWolfSquadViewController.h */ = {isa = PBXFileReference; fileEncoding = 4; lastKnownFileType = sourcecode.c.h; path = AlphaWolfSquadViewController.h; sourceTree = "<group>"; };
		28D7ACF70DDB3853001CB0EB /* AlphaWolfSquadViewController.m */ = {isa = PBXFileReference; fileEncoding = 4; lastKnownFileType = sourcecode.c.objc; path = AlphaWolfSquadViewController.m; sourceTree = "<group>"; };
		29B97316FDCFA39411CA2CEA /* main.m */ = {isa = PBXFileReference; fileEncoding = 4; lastKnownFileType = sourcecode.c.objc; path = main.m; sourceTree = "<group>"; };
		32CA4F630368D1EE00C91783 /* AlphaWolfSquad_Prefix.pch */ = {isa = PBXFileReference; fileEncoding = 4; lastKnownFileType = sourcecode.c.h; path = AlphaWolfSquad_Prefix.pch; sourceTree = "<group>"; };
		4D6C9DB710FE92FF006D94FD /* SlapView.h */ = {isa = PBXFileReference; fileEncoding = 4; lastKnownFileType = sourcecode.c.h; path = SlapView.h; sourceTree = "<group>"; };
		4D6C9DB810FE92FF006D94FD /* SlapView.m */ = {isa = PBXFileReference; fileEncoding = 4; lastKnownFileType = sourcecode.c.objc; path = SlapView.m; sourceTree = "<group>"; };
		4D7A94B411649BA1008F1BB1 /* 128_white.png */ = {isa = PBXFileReference; lastKnownFileType = image.png; path = 128_white.png; sourceTree = "<group>"; };
		4D7A94B511649BA1008F1BB1 /* 3dar.plist */ = {isa = PBXFileReference; fileEncoding = 4; lastKnownFileType = text.plist.xml; path = 3dar.plist; sourceTree = "<group>"; };
		4D7A94B611649BA1008F1BB1 /* 64_white.png */ = {isa = PBXFileReference; lastKnownFileType = image.png; path = 64_white.png; sourceTree = "<group>"; };
		4D7A94B711649BA1008F1BB1 /* 84_white.png */ = {isa = PBXFileReference; lastKnownFileType = image.png; path = 84_white.png; sourceTree = "<group>"; };
		4D7A94B911649BA1008F1BB1 /* 3dar_logo.png */ = {isa = PBXFileReference; lastKnownFileType = image.png; path = 3dar_logo.png; sourceTree = "<group>"; };
		4D7A94BA11649BA1008F1BB1 /* 3dar_marker_icon1.png */ = {isa = PBXFileReference; lastKnownFileType = image.png; path = 3dar_marker_icon1.png; sourceTree = "<group>"; };
		4D7A94BB11649BA1008F1BB1 /* 3dar_marker_icon2.png */ = {isa = PBXFileReference; lastKnownFileType = image.png; path = 3dar_marker_icon2.png; sourceTree = "<group>"; };
		4D7A94BC11649BA1008F1BB1 /* 3dar_marker_icon3.png */ = {isa = PBXFileReference; lastKnownFileType = image.png; path = 3dar_marker_icon3.png; sourceTree = "<group>"; };
		4D7A94BD11649BA1008F1BB1 /* 3dar_marker_icon4.png */ = {isa = PBXFileReference; lastKnownFileType = image.png; path = 3dar_marker_icon4.png; sourceTree = "<group>"; };
		4D7A94BE11649BA1008F1BB1 /* 3dar_marker_icon5.png */ = {isa = PBXFileReference; lastKnownFileType = image.png; path = 3dar_marker_icon5.png; sourceTree = "<group>"; };
		4D7A94BF11649BA1008F1BB1 /* 3dar_marker_icon6.png */ = {isa = PBXFileReference; lastKnownFileType = image.png; path = 3dar_marker_icon6.png; sourceTree = "<group>"; };
		4D7A94C011649BA1008F1BB1 /* bubble1.png */ = {isa = PBXFileReference; lastKnownFileType = image.png; path = bubble1.png; sourceTree = "<group>"; };
		4D7A94C511649BA1008F1BB1 /* SM3DAR.h */ = {isa = PBXFileReference; fileEncoding = 4; lastKnownFileType = sourcecode.c.h; path = SM3DAR.h; sourceTree = "<group>"; };
		4D7A954711649BA1008F1BB1 /* SM3DAR_keys.txt */ = {isa = PBXFileReference; fileEncoding = 4; lastKnownFileType = text; path = SM3DAR_keys.txt; sourceTree = "<group>"; };
		4D7A959511649C14008F1BB1 /* CoreLocation.framework */ = {isa = PBXFileReference; lastKnownFileType = wrapper.framework; name = CoreLocation.framework; path = System/Library/Frameworks/CoreLocation.framework; sourceTree = SDKROOT; };
		4D7A959711649C14008F1BB1 /* MapKit.framework */ = {isa = PBXFileReference; lastKnownFileType = wrapper.framework; name = MapKit.framework; path = System/Library/Frameworks/MapKit.framework; sourceTree = SDKROOT; };
		4D7A959911649C14008F1BB1 /* OpenGLES.framework */ = {isa = PBXFileReference; lastKnownFileType = wrapper.framework; name = OpenGLES.framework; path = System/Library/Frameworks/OpenGLES.framework; sourceTree = SDKROOT; };
		4D7A96061164A777008F1BB1 /* screen2_hand.png */ = {isa = PBXFileReference; lastKnownFileType = image.png; path = screen2_hand.png; sourceTree = "<group>"; };
		4D7C22ED1162DC4000F1C8D1 /* back-btn.png */ = {isa = PBXFileReference; lastKnownFileType = image.png; path = "back-btn.png"; sourceTree = "<group>"; };
		4D7C22EE1162DC4000F1C8D1 /* background.png */ = {isa = PBXFileReference; lastKnownFileType = image.png; path = background.png; sourceTree = "<group>"; };
		4D7C22EF1162DC4000F1C8D1 /* bust-btn.png */ = {isa = PBXFileReference; lastKnownFileType = image.png; path = "bust-btn.png"; sourceTree = "<group>"; };
		4D7C22F01162DC4000F1C8D1 /* dialog.png */ = {isa = PBXFileReference; lastKnownFileType = image.png; path = dialog.png; sourceTree = "<group>"; };
		4D7C22F11162DC4000F1C8D1 /* HighFiveScreens_v2_07.png */ = {isa = PBXFileReference; lastKnownFileType = image.png; path = HighFiveScreens_v2_07.png; sourceTree = "<group>"; };
		4D7C22F21162DC4000F1C8D1 /* try-again-btn.png */ = {isa = PBXFileReference; lastKnownFileType = image.png; path = "try-again-btn.png"; sourceTree = "<group>"; };
		4D7C22F41162DC4000F1C8D1 /* ConfirmationScreen-ref.png */ = {isa = PBXFileReference; lastKnownFileType = image.png; path = "ConfirmationScreen-ref.png"; sourceTree = "<group>"; };
		4D7C22F51162DC4000F1C8D1 /* ConfirmPanelSubHead.png */ = {isa = PBXFileReference; lastKnownFileType = image.png; path = ConfirmPanelSubHead.png; sourceTree = "<group>"; };
		4D7C22F71162DC4000F1C8D1 /* congrats-ttl.png */ = {isa = PBXFileReference; lastKnownFileType = image.png; path = "congrats-ttl.png"; sourceTree = "<group>"; };
		4D7C22F81162DC4000F1C8D1 /* CongratsScreen-ref.png */ = {isa = PBXFileReference; lastKnownFileType = image.png; path = "CongratsScreen-ref.png"; sourceTree = "<group>"; };
		4D7C22F91162DC4000F1C8D1 /* send-btn.png */ = {isa = PBXFileReference; lastKnownFileType = image.png; path = "send-btn.png"; sourceTree = "<group>"; };
		4D7C22FB1162DC4000F1C8D1 /* AA-HandFrame01.png */ = {isa = PBXFileReference; lastKnownFileType = image.png; path = "AA-HandFrame01.png"; sourceTree = "<group>"; };
		4D7C22FC1162DC4000F1C8D1 /* AA-HandFrame02.png */ = {isa = PBXFileReference; lastKnownFileType = image.png; path = "AA-HandFrame02.png"; sourceTree = "<group>"; };
		4D7C22FD1162DC4000F1C8D1 /* AA-HandFrame03.png */ = {isa = PBXFileReference; lastKnownFileType = image.png; path = "AA-HandFrame03.png"; sourceTree = "<group>"; };
		4D7C22FE1162DC4000F1C8D1 /* AF-HandFrame01.png */ = {isa = PBXFileReference; lastKnownFileType = image.png; path = "AF-HandFrame01.png"; sourceTree = "<group>"; };
		4D7C22FF1162DC4000F1C8D1 /* AF-HandFrame02.png */ = {isa = PBXFileReference; lastKnownFileType = image.png; path = "AF-HandFrame02.png"; sourceTree = "<group>"; };
		4D7C23001162DC4000F1C8D1 /* AF-HandFrame03.png */ = {isa = PBXFileReference; lastKnownFileType = image.png; path = "AF-HandFrame03.png"; sourceTree = "<group>"; };
		4D7C23011162DC4000F1C8D1 /* BG-HandFrame01.png */ = {isa = PBXFileReference; lastKnownFileType = image.png; path = "BG-HandFrame01.png"; sourceTree = "<group>"; };
		4D7C23021162DC4000F1C8D1 /* BG-HandFrame02.png */ = {isa = PBXFileReference; lastKnownFileType = image.png; path = "BG-HandFrame02.png"; sourceTree = "<group>"; };
		4D7C23031162DC4000F1C8D1 /* BP-HandFrame01.png */ = {isa = PBXFileReference; lastKnownFileType = image.png; path = "BP-HandFrame01.png"; sourceTree = "<group>"; };
		4D7C23041162DC4000F1C8D1 /* BP-HandFrame02.png */ = {isa = PBXFileReference; lastKnownFileType = image.png; path = "BP-HandFrame02.png"; sourceTree = "<group>"; };
		4D7C23051162DC4000F1C8D1 /* IM-HandFrame01.png */ = {isa = PBXFileReference; lastKnownFileType = image.png; path = "IM-HandFrame01.png"; sourceTree = "<group>"; };
		4D7C23061162DC4000F1C8D1 /* IM-HandFrame02.png */ = {isa = PBXFileReference; lastKnownFileType = image.png; path = "IM-HandFrame02.png"; sourceTree = "<group>"; };
		4D7C23071162DC4000F1C8D1 /* IM-HandFrame03.png */ = {isa = PBXFileReference; lastKnownFileType = image.png; path = "IM-HandFrame03.png"; sourceTree = "<group>"; };
		4D7C23081162DC4000F1C8D1 /* RO-HandFrame01.png */ = {isa = PBXFileReference; lastKnownFileType = image.png; path = "RO-HandFrame01.png"; sourceTree = "<group>"; };
		4D7C23091162DC4000F1C8D1 /* RO-HandFrame02.png */ = {isa = PBXFileReference; lastKnownFileType = image.png; path = "RO-HandFrame02.png"; sourceTree = "<group>"; };
		4D7C230A1162DC4000F1C8D1 /* SG-HandFrame01.png */ = {isa = PBXFileReference; lastKnownFileType = image.png; path = "SG-HandFrame01.png"; sourceTree = "<group>"; };
		4D7C230B1162DC4000F1C8D1 /* SG-HandFrame02.png */ = {isa = PBXFileReference; lastKnownFileType = image.png; path = "SG-HandFrame02.png"; sourceTree = "<group>"; };
		4D7C230C1162DC4000F1C8D1 /* WF-HandFrame01.png */ = {isa = PBXFileReference; lastKnownFileType = image.png; path = "WF-HandFrame01.png"; sourceTree = "<group>"; };
		4D7C230D1162DC4000F1C8D1 /* WF-HandFrame02.png */ = {isa = PBXFileReference; lastKnownFileType = image.png; path = "WF-HandFrame02.png"; sourceTree = "<group>"; };
		4D7C230E1162DC4000F1C8D1 /* WF-HandFrame03.png */ = {isa = PBXFileReference; lastKnownFileType = image.png; path = "WF-HandFrame03.png"; sourceTree = "<group>"; };
		4D7C230F1162DC4000F1C8D1 /* WM-HandFrame01.png */ = {isa = PBXFileReference; lastKnownFileType = image.png; path = "WM-HandFrame01.png"; sourceTree = "<group>"; };
		4D7C23101162DC4000F1C8D1 /* WM-HandFrame02.png */ = {isa = PBXFileReference; lastKnownFileType = image.png; path = "WM-HandFrame02.png"; sourceTree = "<group>"; };
		4D7C23111162DC4000F1C8D1 /* WM-HandFrame03.png */ = {isa = PBXFileReference; lastKnownFileType = image.png; path = "WM-HandFrame03.png"; sourceTree = "<group>"; };
		4D7C23131162DC4000F1C8D1 /* help-btn.png */ = {isa = PBXFileReference; lastKnownFileType = image.png; path = "help-btn.png"; sourceTree = "<group>"; };
		4D7C23141162DC4000F1C8D1 /* help_title.png */ = {isa = PBXFileReference; lastKnownFileType = image.png; path = help_title.png; sourceTree = "<group>"; };
		4D7C23151162DC4000F1C8D1 /* HelpContent.png */ = {isa = PBXFileReference; lastKnownFileType = image.png; path = HelpContent.png; sourceTree = "<group>"; };
		4D7C23171162DC4000F1C8D1 /* begin-btn.png */ = {isa = PBXFileReference; lastKnownFileType = image.png; path = "begin-btn.png"; sourceTree = "<group>"; };
		4D7C23181162DC4000F1C8D1 /* begin.png */ = {isa = PBXFileReference; lastKnownFileType = image.png; path = begin.png; sourceTree = "<group>"; };
		4D7C23191162DC4000F1C8D1 /* beginOver.png */ = {isa = PBXFileReference; lastKnownFileType = image.png; path = beginOver.png; sourceTree = "<group>"; };
		4D7C231A1162DC4000F1C8D1 /* have-some-5-ttl.png */ = {isa = PBXFileReference; lastKnownFileType = image.png; path = "have-some-5-ttl.png"; sourceTree = "<group>"; };
		4D7C231B1162DC4000F1C8D1 /* scott-mike.png */ = {isa = PBXFileReference; lastKnownFileType = image.png; path = "scott-mike.png"; sourceTree = "<group>"; };
		4D7C231C1162DC4000F1C8D1 /* screen1_mike.png */ = {isa = PBXFileReference; lastKnownFileType = image.png; path = screen1_mike.png; sourceTree = "<group>"; };
		4D7C231D1162DC4000F1C8D1 /* screen1_mike_arm.png */ = {isa = PBXFileReference; lastKnownFileType = image.png; path = screen1_mike_arm.png; sourceTree = "<group>"; };
		4D7C231E1162DC4000F1C8D1 /* screen1_scott.png */ = {isa = PBXFileReference; lastKnownFileType = image.png; path = screen1_scott.png; sourceTree = "<group>"; };
		4D7C231F1162DC4000F1C8D1 /* screen1_scott_arm.png */ = {isa = PBXFileReference; lastKnownFileType = image.png; path = screen1_scott_arm.png; sourceTree = "<group>"; };
		4D7C23201162DC4000F1C8D1 /* screen1_star_l.png */ = {isa = PBXFileReference; lastKnownFileType = image.png; path = screen1_star_l.png; sourceTree = "<group>"; };
		4D7C23211162DC4000F1C8D1 /* screen1_star_r.png */ = {isa = PBXFileReference; lastKnownFileType = image.png; path = screen1_star_r.png; sourceTree = "<group>"; };
		4D7C23221162DC4000F1C8D1 /* screen1_title.png */ = {isa = PBXFileReference; lastKnownFileType = image.png; path = screen1_title.png; sourceTree = "<group>"; };
		4D7C23241162DC4000F1C8D1 /* burst.png */ = {isa = PBXFileReference; lastKnownFileType = image.png; path = burst.png; sourceTree = "<group>"; };
		4D7C23251162DC4000F1C8D1 /* star-blank.png */ = {isa = PBXFileReference; lastKnownFileType = image.png; path = "star-blank.png"; sourceTree = "<group>"; };
		4D7C23261162DC4000F1C8D1 /* fyi-ttl.png */ = {isa = PBXFileReference; lastKnownFileType = image.png; path = "fyi-ttl.png"; sourceTree = "<group>"; };
		4D7C23271162DC4000F1C8D1 /* hand.png */ = {isa = PBXFileReference; lastKnownFileType = image.png; path = hand.png; sourceTree = "<group>"; };
		4D7C23281162DC4000F1C8D1 /* people.png */ = {isa = PBXFileReference; lastKnownFileType = image.png; path = people.png; sourceTree = "<group>"; };
		4D7C23291162DC4000F1C8D1 /* personal-stats-btn.png */ = {isa = PBXFileReference; lastKnownFileType = image.png; path = "personal-stats-btn.png"; sourceTree = "<group>"; };
		4D7C232A1162DC4000F1C8D1 /* screen2_bkg.png */ = {isa = PBXFileReference; lastKnownFileType = image.png; path = screen2_bkg.png; sourceTree = "<group>"; };
		4D7C232B1162DC4000F1C8D1 /* screen2_footer.png */ = {isa = PBXFileReference; lastKnownFileType = image.png; path = screen2_footer.png; sourceTree = "<group>"; };
		4D7C232C1162DC4000F1C8D1 /* screen2_header.png */ = {isa = PBXFileReference; lastKnownFileType = image.png; path = screen2_header.png; sourceTree = "<group>"; };
		4D7C232D1162DC4000F1C8D1 /* screen2_help.png */ = {isa = PBXFileReference; lastKnownFileType = image.png; path = screen2_help.png; sourceTree = "<group>"; };
		4D7C232E1162DC4000F1C8D1 /* screen2_helpOver.png */ = {isa = PBXFileReference; lastKnownFileType = image.png; path = screen2_helpOver.png; sourceTree = "<group>"; };
		4D7C232F1162DC4000F1C8D1 /* screen2_settings.png */ = {isa = PBXFileReference; lastKnownFileType = image.png; path = screen2_settings.png; sourceTree = "<group>"; };
		4D7C23301162DC4000F1C8D1 /* screen2_settingsOver.png */ = {isa = PBXFileReference; lastKnownFileType = image.png; path = screen2_settingsOver.png; sourceTree = "<group>"; };
		4D7C23311162DC4000F1C8D1 /* stars-left-lrg.png */ = {isa = PBXFileReference; lastKnownFileType = image.png; path = "stars-left-lrg.png"; sourceTree = "<group>"; };
		4D7C23321162DC4000F1C8D1 /* stars-left.png */ = {isa = PBXFileReference; lastKnownFileType = image.png; path = "stars-left.png"; sourceTree = "<group>"; };
		4D7C23331162DC4000F1C8D1 /* stars-right-lrg.png */ = {isa = PBXFileReference; lastKnownFileType = image.png; path = "stars-right-lrg.png"; sourceTree = "<group>"; };
		4D7C23341162DC4000F1C8D1 /* stars-right.png */ = {isa = PBXFileReference; lastKnownFileType = image.png; path = "stars-right.png"; sourceTree = "<group>"; };
		4D7C23361162DC4000F1C8D1 /* choose-hand-btn.png */ = {isa = PBXFileReference; lastKnownFileType = image.png; path = "choose-hand-btn.png"; sourceTree = "<group>"; };
		4D7C23371162DC4000F1C8D1 /* settings-btn.png */ = {isa = PBXFileReference; lastKnownFileType = image.png; path = "settings-btn.png"; sourceTree = "<group>"; };
		4D7C23381162DC4000F1C8D1 /* settings_title.png */ = {isa = PBXFileReference; lastKnownFileType = image.png; path = settings_title.png; sourceTree = "<group>"; };
		4D7C23391162DC4000F1C8D1 /* SettingsLandingScreen-ref.png */ = {isa = PBXFileReference; lastKnownFileType = image.png; path = "SettingsLandingScreen-ref.png"; sourceTree = "<group>"; };
		4D7C233A1162DC4000F1C8D1 /* SettingsPanelHead.png */ = {isa = PBXFileReference; lastKnownFileType = image.png; path = SettingsPanelHead.png; sourceTree = "<group>"; };
		4D7C233C1162DC4000F1C8D1 /* have-some-btn.png */ = {isa = PBXFileReference; lastKnownFileType = image.png; path = "have-some-btn.png"; sourceTree = "<group>"; };
		4D7C23871162DCA500F1C8D1 /* WelcomeController.h */ = {isa = PBXFileReference; fileEncoding = 4; lastKnownFileType = sourcecode.c.h; path = WelcomeController.h; sourceTree = "<group>"; };
		4D7C23881162DCA500F1C8D1 /* WelcomeController.m */ = {isa = PBXFileReference; fileEncoding = 4; lastKnownFileType = sourcecode.c.objc; path = WelcomeController.m; sourceTree = "<group>"; };
		4D7C23891162DCA500F1C8D1 /* WelcomeController.xib */ = {isa = PBXFileReference; lastKnownFileType = file.xib; path = WelcomeController.xib; sourceTree = "<group>"; };
		4D7C238D1162DD6700F1C8D1 /* do-it-already.png */ = {isa = PBXFileReference; lastKnownFileType = image.png; path = "do-it-already.png"; sourceTree = "<group>"; };
		4D7C23991162DE0A00F1C8D1 /* have-some-high-5s.png */ = {isa = PBXFileReference; lastKnownFileType = image.png; path = "have-some-high-5s.png"; sourceTree = "<group>"; };
		4D7C239B1162DEA600F1C8D1 /* welcome-body.png */ = {isa = PBXFileReference; lastKnownFileType = image.png; path = "welcome-body.png"; sourceTree = "<group>"; };
		4D7C23E11162F7DC00F1C8D1 /* OverlayController.h */ = {isa = PBXFileReference; fileEncoding = 4; lastKnownFileType = sourcecode.c.h; path = OverlayController.h; sourceTree = "<group>"; };
		4D7C23E21162F7DC00F1C8D1 /* OverlayController.m */ = {isa = PBXFileReference; fileEncoding = 4; lastKnownFileType = sourcecode.c.objc; path = OverlayController.m; sourceTree = "<group>"; };
		4D7C2520116335D600F1C8D1 /* ConfirmationController.h */ = {isa = PBXFileReference; fileEncoding = 4; lastKnownFileType = sourcecode.c.h; path = ConfirmationController.h; sourceTree = "<group>"; };
		4D7C2521116335D600F1C8D1 /* ConfirmationController.m */ = {isa = PBXFileReference; fileEncoding = 4; lastKnownFileType = sourcecode.c.objc; path = ConfirmationController.m; sourceTree = "<group>"; };
		4D7C2522116335D600F1C8D1 /* ConfirmationController.xib */ = {isa = PBXFileReference; lastKnownFileType = file.xib; path = ConfirmationController.xib; sourceTree = "<group>"; };
		4D7C25271163379A00F1C8D1 /* confirmation-title.png */ = {isa = PBXFileReference; lastKnownFileType = image.png; path = "confirmation-title.png"; sourceTree = "<group>"; };
		4D7C25661163B39600F1C8D1 /* CountdownController.h */ = {isa = PBXFileReference; fileEncoding = 4; lastKnownFileType = sourcecode.c.h; path = CountdownController.h; sourceTree = "<group>"; };
		4D7C25671163B39600F1C8D1 /* CountdownController.m */ = {isa = PBXFileReference; fileEncoding = 4; lastKnownFileType = sourcecode.c.objc; path = CountdownController.m; sourceTree = "<group>"; };
		4D7C256B1163B5EE00F1C8D1 /* countdown-stars.png */ = {isa = PBXFileReference; lastKnownFileType = image.png; path = "countdown-stars.png"; sourceTree = "<group>"; };
		4D7C256C1163B5EE00F1C8D1 /* countdown-1.png */ = {isa = PBXFileReference; lastKnownFileType = image.png; path = "countdown-1.png"; sourceTree = "<group>"; };
		4D7C256D1163B5EE00F1C8D1 /* countdown-2.png */ = {isa = PBXFileReference; lastKnownFileType = image.png; path = "countdown-2.png"; sourceTree = "<group>"; };
		4D7C256E1163B5EE00F1C8D1 /* countdown-3.png */ = {isa = PBXFileReference; lastKnownFileType = image.png; path = "countdown-3.png"; sourceTree = "<group>"; };
		4D7C256F1163B5EE00F1C8D1 /* countdown-0.png */ = {isa = PBXFileReference; lastKnownFileType = image.png; path = "countdown-0.png"; sourceTree = "<group>"; };
		4D90180511125E91009A47FA /* clap.wav */ = {isa = PBXFileReference; lastKnownFileType = audio.wav; path = clap.wav; sourceTree = "<group>"; };
		4D90183811126138009A47FA /* Settings.xib */ = {isa = PBXFileReference; lastKnownFileType = file.xib; name = Settings.xib; path = Classes/Settings.xib; sourceTree = "<group>"; };
		4D90186F11126298009A47FA /* SettingsController.h */ = {isa = PBXFileReference; fileEncoding = 4; lastKnownFileType = sourcecode.c.h; path = SettingsController.h; sourceTree = "<group>"; };
		4D90187011126298009A47FA /* SettingsController.m */ = {isa = PBXFileReference; fileEncoding = 4; lastKnownFileType = sourcecode.c.objc; path = SettingsController.m; sourceTree = "<group>"; };
		4D902C5A1124AC9D00E36DE4 /* MessageUI.framework */ = {isa = PBXFileReference; lastKnownFileType = wrapper.framework; name = MessageUI.framework; path = System/Library/Frameworks/MessageUI.framework; sourceTree = SDKROOT; };
		4D902CDF1124B8D800E36DE4 /* Entitlements.plist */ = {isa = PBXFileReference; fileEncoding = 4; lastKnownFileType = text.plist.xml; path = Entitlements.plist; sourceTree = "<group>"; };
		4DC9EFE61123C79300F97B5A /* HelpController.h */ = {isa = PBXFileReference; fileEncoding = 4; lastKnownFileType = sourcecode.c.h; path = HelpController.h; sourceTree = "<group>"; };
		4DC9EFE71123C79300F97B5A /* HelpController.m */ = {isa = PBXFileReference; fileEncoding = 4; lastKnownFileType = sourcecode.c.objc; path = HelpController.m; sourceTree = "<group>"; };
		4DC9EFE81123C79300F97B5A /* HelpController.xib */ = {isa = PBXFileReference; lastKnownFileType = file.xib; name = HelpController.xib; path = Classes/HelpController.xib; sourceTree = "<group>"; };
		4DC9F03E112491F800F97B5A /* High5s.h */ = {isa = PBXFileReference; fileEncoding = 4; lastKnownFileType = sourcecode.c.h; path = High5s.h; sourceTree = "<group>"; };
		4DCBF23C112B17D6007DA71F /* iTunesArtwork */ = {isa = PBXFileReference; lastKnownFileType = file; path = iTunesArtwork; sourceTree = "<group>"; };
		4DCBF23D112B17D6007DA71F /* Default.png */ = {isa = PBXFileReference; lastKnownFileType = image.png; path = Default.png; sourceTree = "<group>"; };
		4DCBF23E112B17D6007DA71F /* Icon.png */ = {isa = PBXFileReference; lastKnownFileType = image.png; path = Icon.png; sourceTree = "<group>"; };
		4DDCA9A9116AA60200ACA2B1 /* DeviceMovementArc.h */ = {isa = PBXFileReference; fileEncoding = 4; lastKnownFileType = sourcecode.c.h; path = DeviceMovementArc.h; sourceTree = "<group>"; };
		4DDCA9AA116AA60200ACA2B1 /* DeviceMovementArc.m */ = {isa = PBXFileReference; fileEncoding = 4; lastKnownFileType = sourcecode.c.objc; path = DeviceMovementArc.m; sourceTree = "<group>"; };
		4DDCA9B2116AAF6D00ACA2B1 /* DeviceMovement.h */ = {isa = PBXFileReference; fileEncoding = 4; lastKnownFileType = sourcecode.c.h; path = DeviceMovement.h; sourceTree = "<group>"; };
		4DDCA9B3116AAF6D00ACA2B1 /* DeviceMovement.m */ = {isa = PBXFileReference; fileEncoding = 4; lastKnownFileType = sourcecode.c.objc; path = DeviceMovement.m; sourceTree = "<group>"; };
		4DDCAADE116BD74D00ACA2B1 /* SM3DARLibrary.a */ = {isa = PBXFileReference; lastKnownFileType = archive.ar; name = SM3DARLibrary.a; path = "../../../../Spot Metrix/PROJECTS/SM3DAR/SM3DARLibrary/SM3DARLibrary/build/Debug-iphoneos/SM3DARLibrary.a"; sourceTree = SOURCE_ROOT; };
		8D1107310486CEB800E47090 /* AlphaWolfSquad-Info.plist */ = {isa = PBXFileReference; fileEncoding = 4; lastKnownFileType = text.plist.xml; path = "AlphaWolfSquad-Info.plist"; plistStructureDefinitionIdentifier = "com.apple.xcode.plist.structure-definition.iphone.info-plist"; sourceTree = "<group>"; };
		C86D2BE8103DCD9D00EE8AF7 /* AlphaWolfView.h */ = {isa = PBXFileReference; fileEncoding = 4; lastKnownFileType = sourcecode.c.h; path = AlphaWolfView.h; sourceTree = SOURCE_ROOT; };
		C86D2BE9103DCD9D00EE8AF7 /* AlphaWolfView.m */ = {isa = PBXFileReference; fileEncoding = 4; lastKnownFileType = sourcecode.c.objc; path = AlphaWolfView.m; sourceTree = SOURCE_ROOT; };
		C86D2C2D103DCE1F00EE8AF7 /* QuartzCore.framework */ = {isa = PBXFileReference; lastKnownFileType = wrapper.framework; name = QuartzCore.framework; path = System/Library/Frameworks/QuartzCore.framework; sourceTree = SDKROOT; };
		C8A21DA0104DD13A00FC9464 /* AudioToolbox.framework */ = {isa = PBXFileReference; lastKnownFileType = wrapper.framework; name = AudioToolbox.framework; path = /System/Library/Frameworks/AudioToolbox.framework; sourceTree = "<absolute>"; };
/* End PBXFileReference section */

/* Begin PBXFrameworksBuildPhase section */
		1D60588F0D05DD3D006BFB54 /* Frameworks */ = {
			isa = PBXFrameworksBuildPhase;
			buildActionMask = 2147483647;
			files = (
				1D60589F0D05DD5A006BFB54 /* Foundation.framework in Frameworks */,
				1DF5F4E00D08C38300B7A737 /* UIKit.framework in Frameworks */,
				288765A50DF7441C002DB57D /* CoreGraphics.framework in Frameworks */,
				C86D2C2E103DCE1F00EE8AF7 /* QuartzCore.framework in Frameworks */,
				C8A21DA1104DD13A00FC9464 /* AudioToolbox.framework in Frameworks */,
				4D902C5B1124AC9D00E36DE4 /* MessageUI.framework in Frameworks */,
				4D7A959611649C14008F1BB1 /* CoreLocation.framework in Frameworks */,
				4D7A959811649C14008F1BB1 /* MapKit.framework in Frameworks */,
				4D7A959A11649C14008F1BB1 /* OpenGLES.framework in Frameworks */,
				4DDCAADF116BD74D00ACA2B1 /* SM3DARLibrary.a in Frameworks */,
			);
			runOnlyForDeploymentPostprocessing = 0;
		};
/* End PBXFrameworksBuildPhase section */

/* Begin PBXGroup section */
		080E96DDFE201D6D7F000001 /* Classes */ = {
			isa = PBXGroup;
			children = (
				4DC9F03E112491F800F97B5A /* High5s.h */,
				C86D2BE8103DCD9D00EE8AF7 /* AlphaWolfView.h */,
				C86D2BE9103DCD9D00EE8AF7 /* AlphaWolfView.m */,
				1D3623240D0F684500981E51 /* AlphaWolfSquadAppDelegate.h */,
				1D3623250D0F684500981E51 /* AlphaWolfSquadAppDelegate.m */,
				28D7ACF60DDB3853001CB0EB /* AlphaWolfSquadViewController.h */,
				28D7ACF70DDB3853001CB0EB /* AlphaWolfSquadViewController.m */,
				4D6C9DB710FE92FF006D94FD /* SlapView.h */,
				4D6C9DB810FE92FF006D94FD /* SlapView.m */,
				4D90186F11126298009A47FA /* SettingsController.h */,
				4D90187011126298009A47FA /* SettingsController.m */,
				4DC9EFE61123C79300F97B5A /* HelpController.h */,
				4DC9EFE71123C79300F97B5A /* HelpController.m */,
				4D7C23871162DCA500F1C8D1 /* WelcomeController.h */,
				4D7C23881162DCA500F1C8D1 /* WelcomeController.m */,
				4D7C23891162DCA500F1C8D1 /* WelcomeController.xib */,
				4D7C23E11162F7DC00F1C8D1 /* OverlayController.h */,
				4D7C23E21162F7DC00F1C8D1 /* OverlayController.m */,
				4D7C2520116335D600F1C8D1 /* ConfirmationController.h */,
				4D7C2521116335D600F1C8D1 /* ConfirmationController.m */,
				4D7C2522116335D600F1C8D1 /* ConfirmationController.xib */,
				4D7C25661163B39600F1C8D1 /* CountdownController.h */,
				4D7C25671163B39600F1C8D1 /* CountdownController.m */,
			);
			path = Classes;
			sourceTree = "<group>";
		};
		19C28FACFE9D520D11CA2CBB /* Products */ = {
			isa = PBXGroup;
			children = (
				1D6058910D05DD3D006BFB54 /* High 5s.app */,
			);
			name = Products;
			sourceTree = "<group>";
		};
		29B97314FDCFA39411CA2CEA /* CustomTemplate */ = {
			isa = PBXGroup;
			children = (
				4DDCA9A8116AA5F800ACA2B1 /* Movement */,
				4D7A94B311649BA1008F1BB1 /* 3DAR */,
				4D7C22EB1162DC4000F1C8D1 /* images */,
				4D90180411125E91009A47FA /* sounds */,
				080E96DDFE201D6D7F000001 /* Classes */,
				29B97315FDCFA39411CA2CEA /* Other Sources */,
				29B97317FDCFA39411CA2CEA /* Resources */,
				29B97323FDCFA39411CA2CEA /* Frameworks */,
				19C28FACFE9D520D11CA2CBB /* Products */,
			);
			name = CustomTemplate;
			sourceTree = "<group>";
		};
		29B97315FDCFA39411CA2CEA /* Other Sources */ = {
			isa = PBXGroup;
			children = (
				32CA4F630368D1EE00C91783 /* AlphaWolfSquad_Prefix.pch */,
				29B97316FDCFA39411CA2CEA /* main.m */,
			);
			name = "Other Sources";
			sourceTree = "<group>";
		};
		29B97317FDCFA39411CA2CEA /* Resources */ = {
			isa = PBXGroup;
			children = (
				4DCBF23C112B17D6007DA71F /* iTunesArtwork */,
				4DCBF23D112B17D6007DA71F /* Default.png */,
				4DCBF23E112B17D6007DA71F /* Icon.png */,
				4D902CDF1124B8D800E36DE4 /* Entitlements.plist */,
				4DC9EFE81123C79300F97B5A /* HelpController.xib */,
				4D90183811126138009A47FA /* Settings.xib */,
				2899E5210DE3E06400AC0155 /* AlphaWolfSquadViewController.xib */,
				28AD733E0D9D9553002E5188 /* MainWindow.xib */,
				8D1107310486CEB800E47090 /* AlphaWolfSquad-Info.plist */,
			);
			name = Resources;
			sourceTree = "<group>";
		};
		29B97323FDCFA39411CA2CEA /* Frameworks */ = {
			isa = PBXGroup;
			children = (
				4D7A959511649C14008F1BB1 /* CoreLocation.framework */,
				4D7A959711649C14008F1BB1 /* MapKit.framework */,
				4D7A959911649C14008F1BB1 /* OpenGLES.framework */,
				4D902C5A1124AC9D00E36DE4 /* MessageUI.framework */,
				C8A21DA0104DD13A00FC9464 /* AudioToolbox.framework */,
				C86D2C2D103DCE1F00EE8AF7 /* QuartzCore.framework */,
				1DF5F4DF0D08C38300B7A737 /* UIKit.framework */,
				1D30AB110D05D00D00671497 /* Foundation.framework */,
				288765A40DF7441C002DB57D /* CoreGraphics.framework */,
			);
			name = Frameworks;
			sourceTree = "<group>";
		};
		4D7A94B311649BA1008F1BB1 /* 3DAR */ = {
			isa = PBXGroup;
			children = (
				4DDCAADE116BD74D00ACA2B1 /* SM3DARLibrary.a */,
				4D7A94B411649BA1008F1BB1 /* 128_white.png */,
				4D7A94B511649BA1008F1BB1 /* 3dar.plist */,
				4D7A94B611649BA1008F1BB1 /* 64_white.png */,
				4D7A94B711649BA1008F1BB1 /* 84_white.png */,
				4D7A94B811649BA1008F1BB1 /* Images */,
				4D7A94C511649BA1008F1BB1 /* SM3DAR.h */,
				4D7A954711649BA1008F1BB1 /* SM3DAR_keys.txt */,
			);
			path = 3DAR;
			sourceTree = "<group>";
		};
		4D7A94B811649BA1008F1BB1 /* Images */ = {
			isa = PBXGroup;
			children = (
				4D7A94B911649BA1008F1BB1 /* 3dar_logo.png */,
				4D7A94BA11649BA1008F1BB1 /* 3dar_marker_icon1.png */,
				4D7A94BB11649BA1008F1BB1 /* 3dar_marker_icon2.png */,
				4D7A94BC11649BA1008F1BB1 /* 3dar_marker_icon3.png */,
				4D7A94BD11649BA1008F1BB1 /* 3dar_marker_icon4.png */,
				4D7A94BE11649BA1008F1BB1 /* 3dar_marker_icon5.png */,
				4D7A94BF11649BA1008F1BB1 /* 3dar_marker_icon6.png */,
				4D7A94C011649BA1008F1BB1 /* bubble1.png */,
			);
			path = Images;
			sourceTree = "<group>";
		};
		4D7C22EB1162DC4000F1C8D1 /* images */ = {
			isa = PBXGroup;
			children = (
				4D7C22EC1162DC4000F1C8D1 /* common */,
				4D7C22F31162DC4000F1C8D1 /* confirm */,
				4D7C22F61162DC4000F1C8D1 /* congrats */,
				4D7C22FA1162DC4000F1C8D1 /* hands */,
				4D7C23121162DC4000F1C8D1 /* help */,
				4D7C23161162DC4000F1C8D1 /* intro */,
				4D7C23231162DC4000F1C8D1 /* main */,
				4D7C23351162DC4000F1C8D1 /* settings */,
				4D7C233B1162DC4000F1C8D1 /* welcome */,
			);
			path = images;
			sourceTree = "<group>";
		};
		4D7C22EC1162DC4000F1C8D1 /* common */ = {
			isa = PBXGroup;
			children = (
				4D7C22ED1162DC4000F1C8D1 /* back-btn.png */,
				4D7C22EE1162DC4000F1C8D1 /* background.png */,
				4D7C22EF1162DC4000F1C8D1 /* bust-btn.png */,
				4D7C22F01162DC4000F1C8D1 /* dialog.png */,
				4D7C22F11162DC4000F1C8D1 /* HighFiveScreens_v2_07.png */,
				4D7C22F21162DC4000F1C8D1 /* try-again-btn.png */,
			);
			path = common;
			sourceTree = "<group>";
		};
		4D7C22F31162DC4000F1C8D1 /* confirm */ = {
			isa = PBXGroup;
			children = (
				4D7C25271163379A00F1C8D1 /* confirmation-title.png */,
				4D7C22F41162DC4000F1C8D1 /* ConfirmationScreen-ref.png */,
				4D7C22F51162DC4000F1C8D1 /* ConfirmPanelSubHead.png */,
			);
			path = confirm;
			sourceTree = "<group>";
		};
		4D7C22F61162DC4000F1C8D1 /* congrats */ = {
			isa = PBXGroup;
			children = (
				4D7C22F71162DC4000F1C8D1 /* congrats-ttl.png */,
				4D7C22F81162DC4000F1C8D1 /* CongratsScreen-ref.png */,
				4D7C22F91162DC4000F1C8D1 /* send-btn.png */,
			);
			path = congrats;
			sourceTree = "<group>";
		};
		4D7C22FA1162DC4000F1C8D1 /* hands */ = {
			isa = PBXGroup;
			children = (
				4D7C22FB1162DC4000F1C8D1 /* AA-HandFrame01.png */,
				4D7C22FC1162DC4000F1C8D1 /* AA-HandFrame02.png */,
				4D7C22FD1162DC4000F1C8D1 /* AA-HandFrame03.png */,
				4D7C22FE1162DC4000F1C8D1 /* AF-HandFrame01.png */,
				4D7C22FF1162DC4000F1C8D1 /* AF-HandFrame02.png */,
				4D7C23001162DC4000F1C8D1 /* AF-HandFrame03.png */,
				4D7C23011162DC4000F1C8D1 /* BG-HandFrame01.png */,
				4D7C23021162DC4000F1C8D1 /* BG-HandFrame02.png */,
				4D7C23031162DC4000F1C8D1 /* BP-HandFrame01.png */,
				4D7C23041162DC4000F1C8D1 /* BP-HandFrame02.png */,
				4D7C23051162DC4000F1C8D1 /* IM-HandFrame01.png */,
				4D7C23061162DC4000F1C8D1 /* IM-HandFrame02.png */,
				4D7C23071162DC4000F1C8D1 /* IM-HandFrame03.png */,
				4D7C23081162DC4000F1C8D1 /* RO-HandFrame01.png */,
				4D7C23091162DC4000F1C8D1 /* RO-HandFrame02.png */,
				4D7C230A1162DC4000F1C8D1 /* SG-HandFrame01.png */,
				4D7C230B1162DC4000F1C8D1 /* SG-HandFrame02.png */,
				4D7C230C1162DC4000F1C8D1 /* WF-HandFrame01.png */,
				4D7C230D1162DC4000F1C8D1 /* WF-HandFrame02.png */,
				4D7C230E1162DC4000F1C8D1 /* WF-HandFrame03.png */,
				4D7C230F1162DC4000F1C8D1 /* WM-HandFrame01.png */,
				4D7C23101162DC4000F1C8D1 /* WM-HandFrame02.png */,
				4D7C23111162DC4000F1C8D1 /* WM-HandFrame03.png */,
			);
			path = hands;
			sourceTree = "<group>";
		};
		4D7C23121162DC4000F1C8D1 /* help */ = {
			isa = PBXGroup;
			children = (
				4D7C23131162DC4000F1C8D1 /* help-btn.png */,
				4D7C23141162DC4000F1C8D1 /* help_title.png */,
				4D7C23151162DC4000F1C8D1 /* HelpContent.png */,
			);
			path = help;
			sourceTree = "<group>";
		};
		4D7C23161162DC4000F1C8D1 /* intro */ = {
			isa = PBXGroup;
			children = (
				4D7C23171162DC4000F1C8D1 /* begin-btn.png */,
				4D7C23181162DC4000F1C8D1 /* begin.png */,
				4D7C23191162DC4000F1C8D1 /* beginOver.png */,
				4D7C231A1162DC4000F1C8D1 /* have-some-5-ttl.png */,
				4D7C231B1162DC4000F1C8D1 /* scott-mike.png */,
				4D7C231C1162DC4000F1C8D1 /* screen1_mike.png */,
				4D7C231D1162DC4000F1C8D1 /* screen1_mike_arm.png */,
				4D7C231E1162DC4000F1C8D1 /* screen1_scott.png */,
				4D7C231F1162DC4000F1C8D1 /* screen1_scott_arm.png */,
				4D7C23201162DC4000F1C8D1 /* screen1_star_l.png */,
				4D7C23211162DC4000F1C8D1 /* screen1_star_r.png */,
				4D7C23221162DC4000F1C8D1 /* screen1_title.png */,
			);
			path = intro;
			sourceTree = "<group>";
		};
		4D7C23231162DC4000F1C8D1 /* main */ = {
			isa = PBXGroup;
			children = (
				4D7C23241162DC4000F1C8D1 /* burst.png */,
				4D7C23251162DC4000F1C8D1 /* star-blank.png */,
				4D7C256B1163B5EE00F1C8D1 /* countdown-stars.png */,
				4D7C256F1163B5EE00F1C8D1 /* countdown-0.png */,
				4D7C256C1163B5EE00F1C8D1 /* countdown-1.png */,
				4D7C256D1163B5EE00F1C8D1 /* countdown-2.png */,
				4D7C256E1163B5EE00F1C8D1 /* countdown-3.png */,
				4D7C23261162DC4000F1C8D1 /* fyi-ttl.png */,
				4D7C23271162DC4000F1C8D1 /* hand.png */,
				4D7C23281162DC4000F1C8D1 /* people.png */,
				4D7C23291162DC4000F1C8D1 /* personal-stats-btn.png */,
				4D7C232A1162DC4000F1C8D1 /* screen2_bkg.png */,
				4D7C232B1162DC4000F1C8D1 /* screen2_footer.png */,
				4D7A96061164A777008F1BB1 /* screen2_hand.png */,
				4D7C232C1162DC4000F1C8D1 /* screen2_header.png */,
				4D7C232D1162DC4000F1C8D1 /* screen2_help.png */,
				4D7C232E1162DC4000F1C8D1 /* screen2_helpOver.png */,
				4D7C232F1162DC4000F1C8D1 /* screen2_settings.png */,
				4D7C23301162DC4000F1C8D1 /* screen2_settingsOver.png */,
				4D7C23311162DC4000F1C8D1 /* stars-left-lrg.png */,
				4D7C23321162DC4000F1C8D1 /* stars-left.png */,
				4D7C23331162DC4000F1C8D1 /* stars-right-lrg.png */,
				4D7C23341162DC4000F1C8D1 /* stars-right.png */,
			);
			path = main;
			sourceTree = "<group>";
		};
		4D7C23351162DC4000F1C8D1 /* settings */ = {
			isa = PBXGroup;
			children = (
				4D7C23361162DC4000F1C8D1 /* choose-hand-btn.png */,
				4D7C23371162DC4000F1C8D1 /* settings-btn.png */,
				4D7C23381162DC4000F1C8D1 /* settings_title.png */,
				4D7C23391162DC4000F1C8D1 /* SettingsLandingScreen-ref.png */,
				4D7C233A1162DC4000F1C8D1 /* SettingsPanelHead.png */,
			);
			path = settings;
			sourceTree = "<group>";
		};
		4D7C233B1162DC4000F1C8D1 /* welcome */ = {
			isa = PBXGroup;
			children = (
				4D7C239B1162DEA600F1C8D1 /* welcome-body.png */,
				4D7C23991162DE0A00F1C8D1 /* have-some-high-5s.png */,
				4D7C238D1162DD6700F1C8D1 /* do-it-already.png */,
				4D7C233C1162DC4000F1C8D1 /* have-some-btn.png */,
			);
			path = welcome;
			sourceTree = "<group>";
		};
		4D90180411125E91009A47FA /* sounds */ = {
			isa = PBXGroup;
			children = (
				4D90180511125E91009A47FA /* clap.wav */,
			);
			path = sounds;
			sourceTree = "<group>";
		};
		4DDCA9A8116AA5F800ACA2B1 /* Movement */ = {
			isa = PBXGroup;
			children = (
				4DDCA9B2116AAF6D00ACA2B1 /* DeviceMovement.h */,
				4DDCA9B3116AAF6D00ACA2B1 /* DeviceMovement.m */,
				4DDCA9A9116AA60200ACA2B1 /* DeviceMovementArc.h */,
				4DDCA9AA116AA60200ACA2B1 /* DeviceMovementArc.m */,
			);
			path = Movement;
			sourceTree = "<group>";
		};
/* End PBXGroup section */

/* Begin PBXNativeTarget section */
		1D6058900D05DD3D006BFB54 /* AlphaWolfSquad */ = {
			isa = PBXNativeTarget;
			buildConfigurationList = 1D6058960D05DD3E006BFB54 /* Build configuration list for PBXNativeTarget "AlphaWolfSquad" */;
			buildPhases = (
				1D60588D0D05DD3D006BFB54 /* Resources */,
				1D60588E0D05DD3D006BFB54 /* Sources */,
				1D60588F0D05DD3D006BFB54 /* Frameworks */,
			);
			buildRules = (
			);
			dependencies = (
			);
			name = AlphaWolfSquad;
			productName = AlphaWolfSquad;
			productReference = 1D6058910D05DD3D006BFB54 /* High 5s.app */;
			productType = "com.apple.product-type.application";
		};
/* End PBXNativeTarget section */

/* Begin PBXProject section */
		29B97313FDCFA39411CA2CEA /* Project object */ = {
			isa = PBXProject;
			buildConfigurationList = C01FCF4E08A954540054247B /* Build configuration list for PBXProject "AlphaWolfSquad" */;
			compatibilityVersion = "Xcode 3.1";
			hasScannedForEncodings = 1;
			mainGroup = 29B97314FDCFA39411CA2CEA /* CustomTemplate */;
			projectDirPath = "";
			projectRoot = "";
			targets = (
				1D6058900D05DD3D006BFB54 /* AlphaWolfSquad */,
			);
		};
/* End PBXProject section */

/* Begin PBXResourcesBuildPhase section */
		1D60588D0D05DD3D006BFB54 /* Resources */ = {
			isa = PBXResourcesBuildPhase;
			buildActionMask = 2147483647;
			files = (
				28AD733F0D9D9553002E5188 /* MainWindow.xib in Resources */,
				2899E5220DE3E06400AC0155 /* AlphaWolfSquadViewController.xib in Resources */,
				4D90181911125E91009A47FA /* clap.wav in Resources */,
				4D90183911126138009A47FA /* Settings.xib in Resources */,
				4DC9EFEA1123C79300F97B5A /* HelpController.xib in Resources */,
				4D902CE01124B8D800E36DE4 /* Entitlements.plist in Resources */,
				4DCBF23F112B17D6007DA71F /* iTunesArtwork in Resources */,
				4DCBF240112B17D6007DA71F /* Default.png in Resources */,
				4DCBF241112B17D6007DA71F /* Icon.png in Resources */,
				4D7C233E1162DC4000F1C8D1 /* back-btn.png in Resources */,
				4D7C233F1162DC4000F1C8D1 /* background.png in Resources */,
				4D7C23401162DC4000F1C8D1 /* bust-btn.png in Resources */,
				4D7C23411162DC4000F1C8D1 /* dialog.png in Resources */,
				4D7C23421162DC4000F1C8D1 /* HighFiveScreens_v2_07.png in Resources */,
				4D7C23431162DC4000F1C8D1 /* try-again-btn.png in Resources */,
				4D7C23441162DC4000F1C8D1 /* ConfirmationScreen-ref.png in Resources */,
				4D7C23451162DC4000F1C8D1 /* ConfirmPanelSubHead.png in Resources */,
				4D7C23461162DC4000F1C8D1 /* congrats-ttl.png in Resources */,
				4D7C23471162DC4000F1C8D1 /* CongratsScreen-ref.png in Resources */,
				4D7C23481162DC4000F1C8D1 /* send-btn.png in Resources */,
				4D7C23491162DC4000F1C8D1 /* AA-HandFrame01.png in Resources */,
				4D7C234A1162DC4000F1C8D1 /* AA-HandFrame02.png in Resources */,
				4D7C234B1162DC4000F1C8D1 /* AA-HandFrame03.png in Resources */,
				4D7C234C1162DC4000F1C8D1 /* AF-HandFrame01.png in Resources */,
				4D7C234D1162DC4000F1C8D1 /* AF-HandFrame02.png in Resources */,
				4D7C234E1162DC4000F1C8D1 /* AF-HandFrame03.png in Resources */,
				4D7C234F1162DC4000F1C8D1 /* BG-HandFrame01.png in Resources */,
				4D7C23501162DC4000F1C8D1 /* BG-HandFrame02.png in Resources */,
				4D7C23511162DC4000F1C8D1 /* BP-HandFrame01.png in Resources */,
				4D7C23521162DC4000F1C8D1 /* BP-HandFrame02.png in Resources */,
				4D7C23531162DC4000F1C8D1 /* IM-HandFrame01.png in Resources */,
				4D7C23541162DC4000F1C8D1 /* IM-HandFrame02.png in Resources */,
				4D7C23551162DC4000F1C8D1 /* IM-HandFrame03.png in Resources */,
				4D7C23561162DC4000F1C8D1 /* RO-HandFrame01.png in Resources */,
				4D7C23571162DC4000F1C8D1 /* RO-HandFrame02.png in Resources */,
				4D7C23581162DC4000F1C8D1 /* SG-HandFrame01.png in Resources */,
				4D7C23591162DC4000F1C8D1 /* SG-HandFrame02.png in Resources */,
				4D7C235A1162DC4000F1C8D1 /* WF-HandFrame01.png in Resources */,
				4D7C235B1162DC4000F1C8D1 /* WF-HandFrame02.png in Resources */,
				4D7C235C1162DC4000F1C8D1 /* WF-HandFrame03.png in Resources */,
				4D7C235D1162DC4000F1C8D1 /* WM-HandFrame01.png in Resources */,
				4D7C235E1162DC4000F1C8D1 /* WM-HandFrame02.png in Resources */,
				4D7C235F1162DC4000F1C8D1 /* WM-HandFrame03.png in Resources */,
				4D7C23601162DC4000F1C8D1 /* help-btn.png in Resources */,
				4D7C23611162DC4000F1C8D1 /* help_title.png in Resources */,
				4D7C23621162DC4000F1C8D1 /* HelpContent.png in Resources */,
				4D7C23631162DC4000F1C8D1 /* begin-btn.png in Resources */,
				4D7C23641162DC4000F1C8D1 /* begin.png in Resources */,
				4D7C23651162DC4000F1C8D1 /* beginOver.png in Resources */,
				4D7C23661162DC4000F1C8D1 /* have-some-5-ttl.png in Resources */,
				4D7C23671162DC4000F1C8D1 /* scott-mike.png in Resources */,
				4D7C23681162DC4000F1C8D1 /* screen1_mike.png in Resources */,
				4D7C23691162DC4000F1C8D1 /* screen1_mike_arm.png in Resources */,
				4D7C236A1162DC4000F1C8D1 /* screen1_scott.png in Resources */,
				4D7C236B1162DC4000F1C8D1 /* screen1_scott_arm.png in Resources */,
				4D7C236C1162DC4000F1C8D1 /* screen1_star_l.png in Resources */,
				4D7C236D1162DC4000F1C8D1 /* screen1_star_r.png in Resources */,
				4D7C236E1162DC4000F1C8D1 /* screen1_title.png in Resources */,
				4D7C236F1162DC4000F1C8D1 /* burst.png in Resources */,
				4D7C23701162DC4000F1C8D1 /* star-blank.png in Resources */,
				4D7C23711162DC4000F1C8D1 /* fyi-ttl.png in Resources */,
				4D7C23721162DC4000F1C8D1 /* hand.png in Resources */,
				4D7C23731162DC4000F1C8D1 /* people.png in Resources */,
				4D7C23741162DC4000F1C8D1 /* personal-stats-btn.png in Resources */,
				4D7C23751162DC4000F1C8D1 /* screen2_bkg.png in Resources */,
				4D7C23761162DC4000F1C8D1 /* screen2_footer.png in Resources */,
				4D7C23771162DC4000F1C8D1 /* screen2_header.png in Resources */,
				4D7C23781162DC4000F1C8D1 /* screen2_help.png in Resources */,
				4D7C23791162DC4000F1C8D1 /* screen2_helpOver.png in Resources */,
				4D7C237A1162DC4000F1C8D1 /* screen2_settings.png in Resources */,
				4D7C237B1162DC4000F1C8D1 /* screen2_settingsOver.png in Resources */,
				4D7C237C1162DC4000F1C8D1 /* stars-left-lrg.png in Resources */,
				4D7C237D1162DC4000F1C8D1 /* stars-left.png in Resources */,
				4D7C237E1162DC4000F1C8D1 /* stars-right-lrg.png in Resources */,
				4D7C237F1162DC4000F1C8D1 /* stars-right.png in Resources */,
				4D7C23801162DC4000F1C8D1 /* choose-hand-btn.png in Resources */,
				4D7C23811162DC4000F1C8D1 /* settings-btn.png in Resources */,
				4D7C23821162DC4000F1C8D1 /* settings_title.png in Resources */,
				4D7C23831162DC4000F1C8D1 /* SettingsLandingScreen-ref.png in Resources */,
				4D7C23841162DC4000F1C8D1 /* SettingsPanelHead.png in Resources */,
				4D7C23851162DC4000F1C8D1 /* have-some-btn.png in Resources */,
				4D7C238B1162DCA500F1C8D1 /* WelcomeController.xib in Resources */,
				4D7C238E1162DD6700F1C8D1 /* do-it-already.png in Resources */,
				4D7C239A1162DE0A00F1C8D1 /* have-some-high-5s.png in Resources */,
				4D7C239C1162DEA600F1C8D1 /* welcome-body.png in Resources */,
				4D7C2524116335D600F1C8D1 /* ConfirmationController.xib in Resources */,
				4D7C25281163379A00F1C8D1 /* confirmation-title.png in Resources */,
				4D7C25701163B5EE00F1C8D1 /* countdown-stars.png in Resources */,
				4D7C25711163B5EE00F1C8D1 /* countdown-1.png in Resources */,
				4D7C25721163B5EE00F1C8D1 /* countdown-2.png in Resources */,
				4D7C25731163B5EE00F1C8D1 /* countdown-3.png in Resources */,
				4D7C25741163B5EE00F1C8D1 /* countdown-0.png in Resources */,
				4D7A954911649BA1008F1BB1 /* 128_white.png in Resources */,
				4D7A954A11649BA1008F1BB1 /* 3dar.plist in Resources */,
				4D7A954B11649BA1008F1BB1 /* 64_white.png in Resources */,
				4D7A954C11649BA1008F1BB1 /* 84_white.png in Resources */,
				4D7A954D11649BA1008F1BB1 /* 3dar_logo.png in Resources */,
				4D7A954E11649BA1008F1BB1 /* 3dar_marker_icon1.png in Resources */,
				4D7A954F11649BA1008F1BB1 /* 3dar_marker_icon2.png in Resources */,
				4D7A955011649BA1008F1BB1 /* 3dar_marker_icon3.png in Resources */,
				4D7A955111649BA1008F1BB1 /* 3dar_marker_icon4.png in Resources */,
				4D7A955211649BA1008F1BB1 /* 3dar_marker_icon5.png in Resources */,
				4D7A955311649BA1008F1BB1 /* 3dar_marker_icon6.png in Resources */,
				4D7A955411649BA1008F1BB1 /* bubble1.png in Resources */,
				4D7A958711649BA1008F1BB1 /* SM3DAR_keys.txt in Resources */,
				4D7A96071164A777008F1BB1 /* screen2_hand.png in Resources */,
			);
			runOnlyForDeploymentPostprocessing = 0;
		};
/* End PBXResourcesBuildPhase section */

/* Begin PBXSourcesBuildPhase section */
		1D60588E0D05DD3D006BFB54 /* Sources */ = {
			isa = PBXSourcesBuildPhase;
			buildActionMask = 2147483647;
			files = (
				1D60589B0D05DD56006BFB54 /* main.m in Sources */,
				1D3623260D0F684500981E51 /* AlphaWolfSquadAppDelegate.m in Sources */,
				28D7ACF80DDB3853001CB0EB /* AlphaWolfSquadViewController.m in Sources */,
				C86D2BEA103DCD9D00EE8AF7 /* AlphaWolfView.m in Sources */,
				4D6C9DB910FE92FF006D94FD /* SlapView.m in Sources */,
				4D90187111126298009A47FA /* SettingsController.m in Sources */,
				4DC9EFE91123C79300F97B5A /* HelpController.m in Sources */,
				4D7C238A1162DCA500F1C8D1 /* WelcomeController.m in Sources */,
				4D7C23E31162F7DC00F1C8D1 /* OverlayController.m in Sources */,
				4D7C2523116335D600F1C8D1 /* ConfirmationController.m in Sources */,
				4D7C25681163B39600F1C8D1 /* CountdownController.m in Sources */,
				4DDCA9AB116AA60200ACA2B1 /* DeviceMovementArc.m in Sources */,
				4DDCA9B4116AAF6D00ACA2B1 /* DeviceMovement.m in Sources */,
			);
			runOnlyForDeploymentPostprocessing = 0;
		};
/* End PBXSourcesBuildPhase section */

/* Begin XCBuildConfiguration section */
		1D6058940D05DD3E006BFB54 /* Debug */ = {
			isa = XCBuildConfiguration;
			buildSettings = {
				ALWAYS_SEARCH_USER_PATHS = NO;
				COPY_PHASE_STRIP = NO;
				GCC_DYNAMIC_NO_PIC = NO;
				GCC_OPTIMIZATION_LEVEL = 0;
				GCC_PRECOMPILE_PREFIX_HEADER = YES;
				GCC_PREFIX_HEADER = AlphaWolfSquad_Prefix.pch;
				HEADER_SEARCH_PATHS = "/usr/include/libxml2/**";
				INFOPLIST_FILE = "AlphaWolfSquad-Info.plist";
				LIBRARY_SEARCH_PATHS = (
					"$(inherited)",
					"\"$(SRCROOT)/3DAR/SM3DAR_Common/Lib/HTTPRiot/httpriot-0.6.6/Vendor/gh-unit-iphone\"",
					"\"$(SRCROOT)/3DAR\"",
					"\"$(SRCROOT)/../../../../Spot Metrix/PROJECTS/SM3DAR/SM3DARLibrary/SM3DARLibrary/build/Debug-iphoneos\"",
				);
				OTHER_LDFLAGS = (
					"-lxml2",
					"-lstdc++",
				);
				PRODUCT_NAME = "High 5s";
			};
			name = Debug;
		};
		1D6058950D05DD3E006BFB54 /* Release */ = {
			isa = XCBuildConfiguration;
			buildSettings = {
				ALWAYS_SEARCH_USER_PATHS = NO;
				COPY_PHASE_STRIP = YES;
				GCC_PRECOMPILE_PREFIX_HEADER = YES;
				GCC_PREFIX_HEADER = AlphaWolfSquad_Prefix.pch;
				HEADER_SEARCH_PATHS = "/usr/include/libxml2/**";
				INFOPLIST_FILE = "AlphaWolfSquad-Info.plist";
				LIBRARY_SEARCH_PATHS = (
					"$(inherited)",
					"\"$(SRCROOT)/3DAR/SM3DAR_Common/Lib/HTTPRiot/httpriot-0.6.6/Vendor/gh-unit-iphone\"",
					"\"$(SRCROOT)/3DAR\"",
					"\"$(SRCROOT)/../../../../Spot Metrix/PROJECTS/SM3DAR/SM3DARLibrary/SM3DARLibrary/build/Debug-iphoneos\"",
				);
				OTHER_LDFLAGS = (
					"-lxml2",
					"-lstdc++",
				);
				PRODUCT_NAME = "High 5s";
			};
			name = Release;
		};
		4D902CDB1124B8A800E36DE4 /* AdHoc */ = {
			isa = XCBuildConfiguration;
			buildSettings = {
				ARCHS = "$(ARCHS_STANDARD_32_BIT)";
				CODE_SIGN_ENTITLEMENTS = Entitlements.plist;
				CODE_SIGN_IDENTITY = "iPhone Distribution: Bordertown Labs, LLC";
				"CODE_SIGN_IDENTITY[sdk=iphoneos*]" = "iPhone Distribution: Bordertown Labs, LLC";
				GCC_C_LANGUAGE_STANDARD = c99;
				GCC_WARN_ABOUT_RETURN_TYPE = YES;
				GCC_WARN_UNUSED_VARIABLE = YES;
				PREBINDING = NO;
				PRODUCT_NAME = "High 5s";
				PROVISIONING_PROFILE = "42863D0D-9510-4079-A6DE-364D53A11342";
				"PROVISIONING_PROFILE[sdk=iphoneos*]" = "224830E5-1023-4F9D-BBCF-BB867B2D501A";
				SDKROOT = iphoneos3.0;
			};
			name = AdHoc;
		};
		4D902CDC1124B8A800E36DE4 /* AdHoc */ = {
			isa = XCBuildConfiguration;
			buildSettings = {
				ALWAYS_SEARCH_USER_PATHS = NO;
				CODE_SIGN_IDENTITY = "iPhone Distribution: Bordertown Labs, LLC";
				"CODE_SIGN_IDENTITY[sdk=iphoneos*]" = "iPhone Distribution: Bordertown Labs, LLC";
				COPY_PHASE_STRIP = YES;
				GCC_PRECOMPILE_PREFIX_HEADER = YES;
				GCC_PREFIX_HEADER = AlphaWolfSquad_Prefix.pch;
				HEADER_SEARCH_PATHS = "/usr/include/libxml2/**";
				INFOPLIST_FILE = "AlphaWolfSquad-Info.plist";
				LIBRARY_SEARCH_PATHS = (
					"$(inherited)",
					"\"$(SRCROOT)/3DAR/SM3DAR_Common/Lib/HTTPRiot/httpriot-0.6.6/Vendor/gh-unit-iphone\"",
					"\"$(SRCROOT)/3DAR\"",
					"\"$(SRCROOT)/../../../../Spot Metrix/PROJECTS/SM3DAR/SM3DARLibrary/SM3DARLibrary/build/Debug-iphoneos\"",
				);
				OTHER_LDFLAGS = (
					"-lxml2",
					"-lstdc++",
				);
				PRODUCT_NAME = "High 5s";
				PROVISIONING_PROFILE = "42863D0D-9510-4079-A6DE-364D53A11342";
				"PROVISIONING_PROFILE[sdk=iphoneos*]" = "224830E5-1023-4F9D-BBCF-BB867B2D501A";
			};
			name = AdHoc;
		};
		C01FCF4F08A954540054247B /* Debug */ = {
			isa = XCBuildConfiguration;
			buildSettings = {
				ARCHS = "$(ARCHS_STANDARD_32_BIT)";
				"CODE_SIGN_IDENTITY[sdk=iphoneos*]" = "iPhone Developer";
				GCC_C_LANGUAGE_STANDARD = c99;
				GCC_WARN_ABOUT_RETURN_TYPE = YES;
				GCC_WARN_UNUSED_VARIABLE = YES;
				PREBINDING = NO;
				PRODUCT_NAME = "High 5s";
				SDKROOT = iphoneos3.0;
			};
			name = Debug;
		};
		C01FCF5008A954540054247B /* Release */ = {
			isa = XCBuildConfiguration;
			buildSettings = {
				ARCHS = "$(ARCHS_STANDARD_32_BIT)";
				"CODE_SIGN_IDENTITY[sdk=iphoneos*]" = "iPhone Developer";
				GCC_C_LANGUAGE_STANDARD = c99;
				GCC_WARN_ABOUT_RETURN_TYPE = YES;
				GCC_WARN_UNUSED_VARIABLE = YES;
				PREBINDING = NO;
				PRODUCT_NAME = "High 5s";
				SDKROOT = iphoneos3.0;
			};
			name = Release;
		};
/* End XCBuildConfiguration section */

/* Begin XCConfigurationList section */
		1D6058960D05DD3E006BFB54 /* Build configuration list for PBXNativeTarget "AlphaWolfSquad" */ = {
			isa = XCConfigurationList;
			buildConfigurations = (
				1D6058940D05DD3E006BFB54 /* Debug */,
				1D6058950D05DD3E006BFB54 /* Release */,
				4D902CDC1124B8A800E36DE4 /* AdHoc */,
			);
			defaultConfigurationIsVisible = 0;
			defaultConfigurationName = Release;
		};
		C01FCF4E08A954540054247B /* Build configuration list for PBXProject "AlphaWolfSquad" */ = {
			isa = XCConfigurationList;
			buildConfigurations = (
				C01FCF4F08A954540054247B /* Debug */,
				C01FCF5008A954540054247B /* Release */,
				4D902CDB1124B8A800E36DE4 /* AdHoc */,
			);
			defaultConfigurationIsVisible = 0;
			defaultConfigurationName = Release;
		};
/* End XCConfigurationList section */
	};
	rootObject = 29B97313FDCFA39411CA2CEA /* Project object */;
}
